
Microsoft Visual Studio Solution File, Format Version 12.00
# Visual Studio Version 17
VisualStudioVersion = 17.13.35913.81 d17.13
MinimumVisualStudioVersion = 10.0.40219.1
Project("{FAE04EC0-301F-11D3-BF4B-00C04F79EFBC}") = "ProductAPI", "ProductAPI\ProductAPI.csproj", "{2ECFDFB8-7F2C-429B-8FD2-71E78D7D6B7B}"
EndProject
Global
	GlobalSection(SolutionConfigurationPlatforms) = preSolution
		Debug|Any CPU = Debug|Any CPU
		Release|Any CPU = Release|Any CPU
	EndGlobalSection
	GlobalSection(ProjectConfigurationPlatforms) = postSolution
		{2ECFDFB8-7F2C-429B-8FD2-71E78D7D6B7B}.Debug|Any CPU.ActiveCfg = Debug|Any CPU
		{2ECFDFB8-7F2C-429B-8FD2-71E78D7D6B7B}.Debug|Any CPU.Build.0 = Debug|Any CPU
		{2ECFDFB8-7F2C-429B-8FD2-71E78D7D6B7B}.Release|Any CPU.ActiveCfg = Release|Any CPU
		{2ECFDFB8-7F2C-429B-8FD2-71E78D7D6B7B}.Release|Any CPU.Build.0 = Release|Any CPU
	EndGlobalSection
	GlobalSection(SolutionProperties) = preSolution
		HideSolutionNode = FALSE
	EndGlobalSection
	GlobalSection(ExtensibilityGlobals) = postSolution
		SolutionGuid = {D406029A-6BA0-4BC8-9B3C-5A6BCBE9DED9}
	EndGlobalSection
EndGlobal
